
Microsoft Visual Studio Solution File, Format Version 12.00
Project("{FAE04EC0-301F-11D3-BF4B-00C04F79EFBC}") = "BasicSelenium", "BasicSelenium\BasicSelenium.csproj", "{7DF8D7AA-4A42-475A-87CC-E5A48998DC3C}"
EndProject
Project("{FAE04EC0-301F-11D3-BF4B-00C04F79EFBC}") = "BasicSelenium.Common", "BasicSelenium.Common\BasicSelenium.Common.csproj", "{BB33ED86-746A-4BE0-BFAA-400670202AE2}"
EndProject
Global
	GlobalSection(SolutionConfigurationPlatforms) = preSolution
		Debug|Any CPU = Debug|Any CPU
		Release|Any CPU = Release|Any CPU
	EndGlobalSection
	GlobalSection(ProjectConfigurationPlatforms) = postSolution
		{7DF8D7AA-4A42-475A-87CC-E5A48998DC3C}.Debug|Any CPU.ActiveCfg = Debug|Any CPU
		{7DF8D7AA-4A42-475A-87CC-E5A48998DC3C}.Debug|Any CPU.Build.0 = Debug|Any CPU
		{7DF8D7AA-4A42-475A-87CC-E5A48998DC3C}.Release|Any CPU.ActiveCfg = Release|Any CPU
		{7DF8D7AA-4A42-475A-87CC-E5A48998DC3C}.Release|Any CPU.Build.0 = Release|Any CPU
		{BB33ED86-746A-4BE0-BFAA-400670202AE2}.Debug|Any CPU.ActiveCfg = Debug|Any CPU
		{BB33ED86-746A-4BE0-BFAA-400670202AE2}.Debug|Any CPU.Build.0 = Debug|Any CPU
		{BB33ED86-746A-4BE0-BFAA-400670202AE2}.Release|Any CPU.ActiveCfg = Release|Any CPU
		{BB33ED86-746A-4BE0-BFAA-400670202AE2}.Release|Any CPU.Build.0 = Release|Any CPU
	EndGlobalSection
EndGlobal
